{
  "name": "wom-event-rank-decider",
  "lockfileVersion": 3,
  "requires": true,
  "packages": {
    "": {
      "dependencies": {
        "@wise-old-man/utils": "^4.0.5"
      }
    },
    "node_modules/@wise-old-man/utils": {
      "version": "4.0.5",
      "resolved": "https://registry.npmjs.org/@wise-old-man/utils/-/utils-4.0.5.tgz",
      "integrity": "sha512-U4Xh6VefLvUqJ3R+U//4CmcuIa9uVZbtzDGDrektUOs0Gd5Rb2a97eODLZMJmeNt82bbQ34Fm3qhmpduXuk1tg==",
      "license": "ISC"
    }
  }
}
